// !$*UTF8*$!
{
	archiveVersion = 1;
	classes = {
	};
	objectVersion = 46;
	objects = {

/* Begin PBXBuildFile section */
		5609BEDC1AE3F5F300DF2D5B /* BorderedColorWell.swift in Sources */ = {isa = PBXBuildFile; fileRef = 5609BEDB1AE3F5F300DF2D5B /* BorderedColorWell.swift */; };
		5609BEDE1AE417CE00DF2D5B /* ColorFinder.swift in Sources */ = {isa = PBXBuildFile; fileRef = 5609BEDD1AE417CE00DF2D5B /* ColorFinder.swift */; };
		5609BEE01AE4184F00DF2D5B /* SearchResult.swift in Sources */ = {isa = PBXBuildFile; fileRef = 5609BEDF1AE4184F00DF2D5B /* SearchResult.swift */; };
		5609BEE21AE41A1500DF2D5B /* Seeker.swift in Sources */ = {isa = PBXBuildFile; fileRef = 5609BEE11AE41A1500DF2D5B /* Seeker.swift */; };
		5609BEE41AE460D000DF2D5B /* PredefinedColorSeeker.swift in Sources */ = {isa = PBXBuildFile; fileRef = 5609BEE31AE460D000DF2D5B /* PredefinedColorSeeker.swift */; };
		5609BEE71AE46AC600DF2D5B /* ColorFrameView.swift in Sources */ = {isa = PBXBuildFile; fileRef = 5609BEE61AE46AC600DF2D5B /* ColorFrameView.swift */; };
		5609BEEB1AE544F500DF2D5B /* RainbowIntSeeker.swift in Sources */ = {isa = PBXBuildFile; fileRef = 5609BEEA1AE544F500DF2D5B /* RainbowIntSeeker.swift */; };
		563133FA1AF3EF58005494E2 /* CalculatedRGBBuilder.swift in Sources */ = {isa = PBXBuildFile; fileRef = 563133F91AF3EF58005494E2 /* CalculatedRGBBuilder.swift */; };
		564C22F51AEC127E0098E933 /* ColorBuilderFactory.swift in Sources */ = {isa = PBXBuildFile; fileRef = 564C22F41AEC127E0098E933 /* ColorBuilderFactory.swift */; };
		564C22F91AEC791C0098E933 /* ColorBuilder.swift in Sources */ = {isa = PBXBuildFile; fileRef = 564C22F81AEC791C0098E933 /* ColorBuilder.swift */; };
		564C22FB1AEC79370098E933 /* DefaultRGBBuilder.swift in Sources */ = {isa = PBXBuildFile; fileRef = 564C22FA1AEC79370098E933 /* DefaultRGBBuilder.swift */; };
		564C22FD1AEE833B0098E933 /* RainbowHexStringBuilder.swift in Sources */ = {isa = PBXBuildFile; fileRef = 564C22FC1AEE833B0098E933 /* RainbowHexStringBuilder.swift */; };
		564C22FF1AEE84CC0098E933 /* NSColor+HexString.swift in Sources */ = {isa = PBXBuildFile; fileRef = 564C22FE1AEE84CC0098E933 /* NSColor+HexString.swift */; };
		5662361A1AE9391100BABC79 /* RainbowHexadecimalStringSeeker.swift in Sources */ = {isa = PBXBuildFile; fileRef = 566236191AE9391100BABC79 /* RainbowHexadecimalStringSeeker.swift */; };
		5662361C1AE940AF00BABC79 /* RainbowHexadecimalIntSeeker.swift in Sources */ = {isa = PBXBuildFile; fileRef = 5662361B1AE940AF00BABC79 /* RainbowHexadecimalIntSeeker.swift */; };
		5662361E1AE9420000BABC79 /* Rainbow-Creator.swift in Sources */ = {isa = PBXBuildFile; fileRef = 5662361D1AE9420000BABC79 /* Rainbow-Creator.swift */; };
		566236201AE97CCB00BABC79 /* RGBFloatSeeker.swift in Sources */ = {isa = PBXBuildFile; fileRef = 5662361F1AE97CCB00BABC79 /* RGBFloatSeeker.swift */; };
		566236221AE9830800BABC79 /* RGBCalculatedSeeker.swift in Sources */ = {isa = PBXBuildFile; fileRef = 566236211AE9830800BABC79 /* RGBCalculatedSeeker.swift */; };
		56673E791CB2F49A009CBCB4 /* RainbowHSBSeeker.swift in Sources */ = {isa = PBXBuildFile; fileRef = 56673E781CB2F49A009CBCB4 /* RainbowHSBSeeker.swift */; };
		56673E7B1CB44401009CBCB4 /* RainbowHSBBuilder.swift in Sources */ = {isa = PBXBuildFile; fileRef = 56673E7A1CB44401009CBCB4 /* RainbowHSBBuilder.swift */; };
		566FFA7B1B6E9A8900F4EBA6 /* HSBFloatSeeker.swift in Sources */ = {isa = PBXBuildFile; fileRef = 566FFA7A1B6E9A8900F4EBA6 /* HSBFloatSeeker.swift */; };
		566FFA7D1B6EA02B00F4EBA6 /* DefaultHSBBuilder.swift in Sources */ = {isa = PBXBuildFile; fileRef = 566FFA7C1B6EA02B00F4EBA6 /* DefaultHSBBuilder.swift */; };
		56B480E01AE2D6CC00B507E4 /* ColorSenseRainbow.xcscheme in Resources */ = {isa = PBXBuildFile; fileRef = 56B480DF1AE2D6CC00B507E4 /* ColorSenseRainbow.xcscheme */; };
		56B480E21AE2D6CC00B507E4 /* ColorSenseRainbow.swift in Sources */ = {isa = PBXBuildFile; fileRef = 56B480E11AE2D6CC00B507E4 /* ColorSenseRainbow.swift */; };
		56B480E91AE2D73500B507E4 /* NSColor+Rainbow.swift in Sources */ = {isa = PBXBuildFile; fileRef = 56B480E81AE2D73500B507E4 /* NSColor+Rainbow.swift */; };
		56B4D75B1B72919000F59DD6 /* WhiteSeeker.swift in Sources */ = {isa = PBXBuildFile; fileRef = 56B4D75A1B72919000F59DD6 /* WhiteSeeker.swift */; };
		56B4D75D1B72973400F59DD6 /* DefaultWhiteBuilder.swift in Sources */ = {isa = PBXBuildFile; fileRef = 56B4D75C1B72973400F59DD6 /* DefaultWhiteBuilder.swift */; };
		56D014621AEEBEED005624AF /* NSRange+RangeForString.swift in Sources */ = {isa = PBXBuildFile; fileRef = 56D014611AEEBEED005624AF /* NSRange+RangeForString.swift */; };
		56D014641AF04131005624AF /* RainbowIntBuilder.swift in Sources */ = {isa = PBXBuildFile; fileRef = 56D014631AF04131005624AF /* RainbowIntBuilder.swift */; };
		56D014681AF11C1F005624AF /* PredefinedColorBuilder.swift in Sources */ = {isa = PBXBuildFile; fileRef = 56D014671AF11C1F005624AF /* PredefinedColorBuilder.swift */; };
		56F4E9E41B1624210083699A /* RainbowHexIntBuilder.swift in Sources */ = {isa = PBXBuildFile; fileRef = 56F4E9E31B1624210083699A /* RainbowHexIntBuilder.swift */; };
/* End PBXBuildFile section */

/* Begin PBXFileReference section */
		5609BEDB1AE3F5F300DF2D5B /* BorderedColorWell.swift */ = {isa = PBXFileReference; fileEncoding = 4; lastKnownFileType = sourcecode.swift; path = BorderedColorWell.swift; sourceTree = "<group>"; };
		5609BEDD1AE417CE00DF2D5B /* ColorFinder.swift */ = {isa = PBXFileReference; fileEncoding = 4; lastKnownFileType = sourcecode.swift; path = ColorFinder.swift; sourceTree = "<group>"; };
		5609BEDF1AE4184F00DF2D5B /* SearchResult.swift */ = {isa = PBXFileReference; fileEncoding = 4; lastKnownFileType = sourcecode.swift; path = SearchResult.swift; sourceTree = "<group>"; };
		5609BEE11AE41A1500DF2D5B /* Seeker.swift */ = {isa = PBXFileReference; fileEncoding = 4; lastKnownFileType = sourcecode.swift; path = Seeker.swift; sourceTree = "<group>"; };
		5609BEE31AE460D000DF2D5B /* PredefinedColorSeeker.swift */ = {isa = PBXFileReference; fileEncoding = 4; lastKnownFileType = sourcecode.swift; path = PredefinedColorSeeker.swift; sourceTree = "<group>"; };
		5609BEE61AE46AC600DF2D5B /* ColorFrameView.swift */ = {isa = PBXFileReference; fileEncoding = 4; lastKnownFileType = sourcecode.swift; path = ColorFrameView.swift; sourceTree = "<group>"; };
		5609BEEA1AE544F500DF2D5B /* RainbowIntSeeker.swift */ = {isa = PBXFileReference; fileEncoding = 4; lastKnownFileType = sourcecode.swift; path = RainbowIntSeeker.swift; sourceTree = "<group>"; };
		563133F91AF3EF58005494E2 /* CalculatedRGBBuilder.swift */ = {isa = PBXFileReference; fileEncoding = 4; lastKnownFileType = sourcecode.swift; path = CalculatedRGBBuilder.swift; sourceTree = "<group>"; };
		564C22F41AEC127E0098E933 /* ColorBuilderFactory.swift */ = {isa = PBXFileReference; fileEncoding = 4; lastKnownFileType = sourcecode.swift; path = ColorBuilderFactory.swift; sourceTree = "<group>"; };
		564C22F81AEC791C0098E933 /* ColorBuilder.swift */ = {isa = PBXFileReference; fileEncoding = 4; lastKnownFileType = sourcecode.swift; path = ColorBuilder.swift; sourceTree = "<group>"; };
		564C22FA1AEC79370098E933 /* DefaultRGBBuilder.swift */ = {isa = PBXFileReference; fileEncoding = 4; lastKnownFileType = sourcecode.swift; path = DefaultRGBBuilder.swift; sourceTree = "<group>"; };
		564C22FC1AEE833B0098E933 /* RainbowHexStringBuilder.swift */ = {isa = PBXFileReference; fileEncoding = 4; lastKnownFileType = sourcecode.swift; path = RainbowHexStringBuilder.swift; sourceTree = "<group>"; };
		564C22FE1AEE84CC0098E933 /* NSColor+HexString.swift */ = {isa = PBXFileReference; fileEncoding = 4; lastKnownFileType = sourcecode.swift; path = "NSColor+HexString.swift"; sourceTree = "<group>"; };
		566236191AE9391100BABC79 /* RainbowHexadecimalStringSeeker.swift */ = {isa = PBXFileReference; fileEncoding = 4; lastKnownFileType = sourcecode.swift; path = RainbowHexadecimalStringSeeker.swift; sourceTree = "<group>"; };
		5662361B1AE940AF00BABC79 /* RainbowHexadecimalIntSeeker.swift */ = {isa = PBXFileReference; fileEncoding = 4; lastKnownFileType = sourcecode.swift; path = RainbowHexadecimalIntSeeker.swift; sourceTree = "<group>"; };
		5662361D1AE9420000BABC79 /* Rainbow-Creator.swift */ = {isa = PBXFileReference; fileEncoding = 4; lastKnownFileType = sourcecode.swift; path = "Rainbow-Creator.swift"; sourceTree = "<group>"; };
		5662361F1AE97CCB00BABC79 /* RGBFloatSeeker.swift */ = {isa = PBXFileReference; fileEncoding = 4; lastKnownFileType = sourcecode.swift; path = RGBFloatSeeker.swift; sourceTree = "<group>"; };
		566236211AE9830800BABC79 /* RGBCalculatedSeeker.swift */ = {isa = PBXFileReference; fileEncoding = 4; lastKnownFileType = sourcecode.swift; path = RGBCalculatedSeeker.swift; sourceTree = "<group>"; };
		56673E781CB2F49A009CBCB4 /* RainbowHSBSeeker.swift */ = {isa = PBXFileReference; fileEncoding = 4; lastKnownFileType = sourcecode.swift; path = RainbowHSBSeeker.swift; sourceTree = "<group>"; };
		56673E7A1CB44401009CBCB4 /* RainbowHSBBuilder.swift */ = {isa = PBXFileReference; fileEncoding = 4; lastKnownFileType = sourcecode.swift; path = RainbowHSBBuilder.swift; sourceTree = "<group>"; };
		566FFA7A1B6E9A8900F4EBA6 /* HSBFloatSeeker.swift */ = {isa = PBXFileReference; fileEncoding = 4; lastKnownFileType = sourcecode.swift; path = HSBFloatSeeker.swift; sourceTree = "<group>"; };
		566FFA7C1B6EA02B00F4EBA6 /* DefaultHSBBuilder.swift */ = {isa = PBXFileReference; fileEncoding = 4; lastKnownFileType = sourcecode.swift; path = DefaultHSBBuilder.swift; sourceTree = "<group>"; };
		56B480DA1AE2D6CC00B507E4 /* ColorSenseRainbow.xcplugin */ = {isa = PBXFileReference; explicitFileType = wrapper.cfbundle; includeInIndex = 0; path = ColorSenseRainbow.xcplugin; sourceTree = BUILT_PRODUCTS_DIR; };
		56B480DE1AE2D6CC00B507E4 /* Info.plist */ = {isa = PBXFileReference; lastKnownFileType = text.plist.xml; path = Info.plist; sourceTree = "<group>"; };
		56B480DF1AE2D6CC00B507E4 /* ColorSenseRainbow.xcscheme */ = {isa = PBXFileReference; lastKnownFileType = text.xml; name = ColorSenseRainbow.xcscheme; path = ColorSenseRainbow.xcodeproj/xcshareddata/xcschemes/ColorSenseRainbow.xcscheme; sourceTree = SOURCE_ROOT; };
		56B480E11AE2D6CC00B507E4 /* ColorSenseRainbow.swift */ = {isa = PBXFileReference; lastKnownFileType = sourcecode.swift; path = ColorSenseRainbow.swift; sourceTree = "<group>"; };
		56B480E81AE2D73500B507E4 /* NSColor+Rainbow.swift */ = {isa = PBXFileReference; fileEncoding = 4; lastKnownFileType = sourcecode.swift; path = "NSColor+Rainbow.swift"; sourceTree = "<group>"; };
		56B4D75A1B72919000F59DD6 /* WhiteSeeker.swift */ = {isa = PBXFileReference; fileEncoding = 4; lastKnownFileType = sourcecode.swift; path = WhiteSeeker.swift; sourceTree = "<group>"; };
		56B4D75C1B72973400F59DD6 /* DefaultWhiteBuilder.swift */ = {isa = PBXFileReference; fileEncoding = 4; lastKnownFileType = sourcecode.swift; path = DefaultWhiteBuilder.swift; sourceTree = "<group>"; };
		56D014611AEEBEED005624AF /* NSRange+RangeForString.swift */ = {isa = PBXFileReference; fileEncoding = 4; lastKnownFileType = sourcecode.swift; path = "NSRange+RangeForString.swift"; sourceTree = "<group>"; };
		56D014631AF04131005624AF /* RainbowIntBuilder.swift */ = {isa = PBXFileReference; fileEncoding = 4; lastKnownFileType = sourcecode.swift; path = RainbowIntBuilder.swift; sourceTree = "<group>"; };
		56D014671AF11C1F005624AF /* PredefinedColorBuilder.swift */ = {isa = PBXFileReference; fileEncoding = 4; lastKnownFileType = sourcecode.swift; path = PredefinedColorBuilder.swift; sourceTree = "<group>"; };
		56F4E9E31B1624210083699A /* RainbowHexIntBuilder.swift */ = {isa = PBXFileReference; fileEncoding = 4; lastKnownFileType = sourcecode.swift; path = RainbowHexIntBuilder.swift; sourceTree = "<group>"; };
/* End PBXFileReference section */

/* Begin PBXGroup section */
		5609BEE51AE461BA00DF2D5B /* Model */ = {
			isa = PBXGroup;
			children = (
				564C22F41AEC127E0098E933 /* ColorBuilderFactory.swift */,
				564C22F71AEC12D20098E933 /* ColorBuilders */,
				5609BEDD1AE417CE00DF2D5B /* ColorFinder.swift */,
				5609BEDF1AE4184F00DF2D5B /* SearchResult.swift */,
				564C22F61AEC12B70098E933 /* Seekers */,
			);
			name = Model;
			sourceTree = "<group>";
		};
		564C22F61AEC12B70098E933 /* Seekers */ = {
			isa = PBXGroup;
			children = (
				5609BEE31AE460D000DF2D5B /* PredefinedColorSeeker.swift */,
				5662361B1AE940AF00BABC79 /* RainbowHexadecimalIntSeeker.swift */,
				566236191AE9391100BABC79 /* RainbowHexadecimalStringSeeker.swift */,
				56673E781CB2F49A009CBCB4 /* RainbowHSBSeeker.swift */,
				5609BEEA1AE544F500DF2D5B /* RainbowIntSeeker.swift */,
				566FFA7A1B6E9A8900F4EBA6 /* HSBFloatSeeker.swift */,
				5662361F1AE97CCB00BABC79 /* RGBFloatSeeker.swift */,
				56B4D75A1B72919000F59DD6 /* WhiteSeeker.swift */,
				566236211AE9830800BABC79 /* RGBCalculatedSeeker.swift */,
				5609BEE11AE41A1500DF2D5B /* Seeker.swift */,
			);
			name = Seekers;
			sourceTree = "<group>";
		};
		564C22F71AEC12D20098E933 /* ColorBuilders */ = {
			isa = PBXGroup;
			children = (
				563133F91AF3EF58005494E2 /* CalculatedRGBBuilder.swift */,
				564C22F81AEC791C0098E933 /* ColorBuilder.swift */,
				564C22FA1AEC79370098E933 /* DefaultRGBBuilder.swift */,
				566FFA7C1B6EA02B00F4EBA6 /* DefaultHSBBuilder.swift */,
				56673E7A1CB44401009CBCB4 /* RainbowHSBBuilder.swift */,
				56B4D75C1B72973400F59DD6 /* DefaultWhiteBuilder.swift */,
				56D014671AF11C1F005624AF /* PredefinedColorBuilder.swift */,
				56D014631AF04131005624AF /* RainbowIntBuilder.swift */,
				56F4E9E31B1624210083699A /* RainbowHexIntBuilder.swift */,
				564C22FC1AEE833B0098E933 /* RainbowHexStringBuilder.swift */,
			);
			name = ColorBuilders;
			sourceTree = "<group>";
		};
		56B480D21AE2D6CC00B507E4 = {
			isa = PBXGroup;
			children = (
				56B480DC1AE2D6CC00B507E4 /* ColorSenseRainbow */,
				56B480DB1AE2D6CC00B507E4 /* Products */,
			);
			sourceTree = "<group>";
		};
		56B480DB1AE2D6CC00B507E4 /* Products */ = {
			isa = PBXGroup;
			children = (
				56B480DA1AE2D6CC00B507E4 /* ColorSenseRainbow.xcplugin */,
			);
			name = Products;
			sourceTree = "<group>";
		};
		56B480DC1AE2D6CC00B507E4 /* ColorSenseRainbow */ = {
			isa = PBXGroup;
			children = (
				56B480E11AE2D6CC00B507E4 /* ColorSenseRainbow.swift */,
				5609BEE61AE46AC600DF2D5B /* ColorFrameView.swift */,
				5609BEDB1AE3F5F300DF2D5B /* BorderedColorWell.swift */,
				5609BEE51AE461BA00DF2D5B /* Model */,
				56B480DD1AE2D6CC00B507E4 /* Supporting Files */,
			);
			path = ColorSenseRainbow;
			sourceTree = "<group>";
		};
		56B480DD1AE2D6CC00B507E4 /* Supporting Files */ = {
			isa = PBXGroup;
			children = (
				56B480DE1AE2D6CC00B507E4 /* Info.plist */,
				56B480DF1AE2D6CC00B507E4 /* ColorSenseRainbow.xcscheme */,
				564C22FE1AEE84CC0098E933 /* NSColor+HexString.swift */,
				56B480E81AE2D73500B507E4 /* NSColor+Rainbow.swift */,
				56D014611AEEBEED005624AF /* NSRange+RangeForString.swift */,
				5662361D1AE9420000BABC79 /* Rainbow-Creator.swift */,
			);
			name = "Supporting Files";
			sourceTree = "<group>";
		};
/* End PBXGroup section */

/* Begin PBXNativeTarget section */
		56B480D91AE2D6CC00B507E4 /* ColorSenseRainbow */ = {
			isa = PBXNativeTarget;
			buildConfigurationList = 56B480E51AE2D6CC00B507E4 /* Build configuration list for PBXNativeTarget "ColorSenseRainbow" */;
			buildPhases = (
				56B480D71AE2D6CC00B507E4 /* Sources */,
				56B480D81AE2D6CC00B507E4 /* Resources */,
			);
			buildRules = (
			);
			dependencies = (
			);
			name = ColorSenseRainbow;
			productName = ColorSenseRainbow;
			productReference = 56B480DA1AE2D6CC00B507E4 /* ColorSenseRainbow.xcplugin */;
			productType = "com.apple.product-type.bundle";
		};
/* End PBXNativeTarget section */

/* Begin PBXProject section */
		56B480D31AE2D6CC00B507E4 /* Project object */ = {
			isa = PBXProject;
			attributes = {
				LastSwiftMigration = 0700;
				LastSwiftUpdateCheck = 0700;
				LastUpgradeCheck = 0700;
				ORGANIZATIONNAME = "Northern Realities Inc.";
				TargetAttributes = {
					56B480D91AE2D6CC00B507E4 = {
						CreatedOnToolsVersion = 6.3;
					};
				};
			};
			buildConfigurationList = 56B480D61AE2D6CC00B507E4 /* Build configuration list for PBXProject "ColorSenseRainbow" */;
			compatibilityVersion = "Xcode 3.2";
			developmentRegion = English;
			hasScannedForEncodings = 0;
			knownRegions = (
				en,
			);
			mainGroup = 56B480D21AE2D6CC00B507E4;
			productRefGroup = 56B480DB1AE2D6CC00B507E4 /* Products */;
			projectDirPath = "";
			projectRoot = "";
			targets = (
				56B480D91AE2D6CC00B507E4 /* ColorSenseRainbow */,
			);
		};
/* End PBXProject section */

/* Begin PBXResourcesBuildPhase section */
		56B480D81AE2D6CC00B507E4 /* Resources */ = {
			isa = PBXResourcesBuildPhase;
			buildActionMask = 2147483647;
			files = (
				56B480E01AE2D6CC00B507E4 /* ColorSenseRainbow.xcscheme in Resources */,
			);
			runOnlyForDeploymentPostprocessing = 0;
		};
/* End PBXResourcesBuildPhase section */

/* Begin PBXSourcesBuildPhase section */
		56B480D71AE2D6CC00B507E4 /* Sources */ = {
			isa = PBXSourcesBuildPhase;
			buildActionMask = 2147483647;
			files = (
				56B480E21AE2D6CC00B507E4 /* ColorSenseRainbow.swift in Sources */,
				56D014681AF11C1F005624AF /* PredefinedColorBuilder.swift in Sources */,
				566FFA7B1B6E9A8900F4EBA6 /* HSBFloatSeeker.swift in Sources */,
				5609BEE41AE460D000DF2D5B /* PredefinedColorSeeker.swift in Sources */,
				56B4D75B1B72919000F59DD6 /* WhiteSeeker.swift in Sources */,
				566236201AE97CCB00BABC79 /* RGBFloatSeeker.swift in Sources */,
				564C22F91AEC791C0098E933 /* ColorBuilder.swift in Sources */,
				564C22FB1AEC79370098E933 /* DefaultRGBBuilder.swift in Sources */,
				5609BEDC1AE3F5F300DF2D5B /* BorderedColorWell.swift in Sources */,
				56B4D75D1B72973400F59DD6 /* DefaultWhiteBuilder.swift in Sources */,
				566236221AE9830800BABC79 /* RGBCalculatedSeeker.swift in Sources */,
				564C22F51AEC127E0098E933 /* ColorBuilderFactory.swift in Sources */,
				5609BEEB1AE544F500DF2D5B /* RainbowIntSeeker.swift in Sources */,
				564C22FD1AEE833B0098E933 /* RainbowHexStringBuilder.swift in Sources */,
				5609BEE01AE4184F00DF2D5B /* SearchResult.swift in Sources */,
				5609BEE71AE46AC600DF2D5B /* ColorFrameView.swift in Sources */,
				56D014641AF04131005624AF /* RainbowIntBuilder.swift in Sources */,
				5662361C1AE940AF00BABC79 /* RainbowHexadecimalIntSeeker.swift in Sources */,
				56F4E9E41B1624210083699A /* RainbowHexIntBuilder.swift in Sources */,
				5662361E1AE9420000BABC79 /* Rainbow-Creator.swift in Sources */,
				56673E7B1CB44401009CBCB4 /* RainbowHSBBuilder.swift in Sources */,
				56B480E91AE2D73500B507E4 /* NSColor+Rainbow.swift in Sources */,
				56673E791CB2F49A009CBCB4 /* RainbowHSBSeeker.swift in Sources */,
				563133FA1AF3EF58005494E2 /* CalculatedRGBBuilder.swift in Sources */,
				5662361A1AE9391100BABC79 /* RainbowHexadecimalStringSeeker.swift in Sources */,
				5609BEE21AE41A1500DF2D5B /* Seeker.swift in Sources */,
				564C22FF1AEE84CC0098E933 /* NSColor+HexString.swift in Sources */,
				5609BEDE1AE417CE00DF2D5B /* ColorFinder.swift in Sources */,
				56D014621AEEBEED005624AF /* NSRange+RangeForString.swift in Sources */,
				566FFA7D1B6EA02B00F4EBA6 /* DefaultHSBBuilder.swift in Sources */,
			);
			runOnlyForDeploymentPostprocessing = 0;
		};
/* End PBXSourcesBuildPhase section */

/* Begin XCBuildConfiguration section */
		56B480E31AE2D6CC00B507E4 /* Debug */ = {
			isa = XCBuildConfiguration;
			buildSettings = {
				ALWAYS_SEARCH_USER_PATHS = NO;
				CLANG_CXX_LANGUAGE_STANDARD = "gnu++0x";
				CLANG_CXX_LIBRARY = "libc++";
				CLANG_ENABLE_MODULES = YES;
				CLANG_ENABLE_OBJC_ARC = YES;
				CLANG_WARN_BOOL_CONVERSION = YES;
				CLANG_WARN_CONSTANT_CONVERSION = YES;
				CLANG_WARN_DIRECT_OBJC_ISA_USAGE = YES_ERROR;
				CLANG_WARN_EMPTY_BODY = YES;
				CLANG_WARN_ENUM_CONVERSION = YES;
				CLANG_WARN_INT_CONVERSION = YES;
				CLANG_WARN_OBJC_ROOT_CLASS = YES_ERROR;
				CLANG_WARN_UNREACHABLE_CODE = YES;
				CLANG_WARN__DUPLICATE_METHOD_MATCH = YES;
				COPY_PHASE_STRIP = NO;
				ENABLE_STRICT_OBJC_MSGSEND = YES;
				ENABLE_TESTABILITY = YES;
				GCC_C_LANGUAGE_STANDARD = gnu99;
				GCC_DYNAMIC_NO_PIC = NO;
				GCC_NO_COMMON_BLOCKS = YES;
				GCC_OPTIMIZATION_LEVEL = 0;
				GCC_PREPROCESSOR_DEFINITIONS = (
					"DEBUG=1",
					"$(inherited)",
				);
				GCC_SYMBOLS_PRIVATE_EXTERN = NO;
				GCC_WARN_64_TO_32_BIT_CONVERSION = YES;
				GCC_WARN_ABOUT_RETURN_TYPE = YES_ERROR;
				GCC_WARN_UNDECLARED_SELECTOR = YES;
				GCC_WARN_UNINITIALIZED_AUTOS = YES_AGGRESSIVE;
				GCC_WARN_UNUSED_FUNCTION = YES;
				GCC_WARN_UNUSED_VARIABLE = YES;
				MTL_ENABLE_DEBUG_INFO = YES;
				ONLY_ACTIVE_ARCH = YES;
			};
			name = Debug;
		};
		56B480E41AE2D6CC00B507E4 /* Release */ = {
			isa = XCBuildConfiguration;
			buildSettings = {
				ALWAYS_SEARCH_USER_PATHS = NO;
				CLANG_CXX_LANGUAGE_STANDARD = "gnu++0x";
				CLANG_CXX_LIBRARY = "libc++";
				CLANG_ENABLE_MODULES = YES;
				CLANG_ENABLE_OBJC_ARC = YES;
				CLANG_WARN_BOOL_CONVERSION = YES;
				CLANG_WARN_CONSTANT_CONVERSION = YES;
				CLANG_WARN_DIRECT_OBJC_ISA_USAGE = YES_ERROR;
				CLANG_WARN_EMPTY_BODY = YES;
				CLANG_WARN_ENUM_CONVERSION = YES;
				CLANG_WARN_INT_CONVERSION = YES;
				CLANG_WARN_OBJC_ROOT_CLASS = YES_ERROR;
				CLANG_WARN_UNREACHABLE_CODE = YES;
				CLANG_WARN__DUPLICATE_METHOD_MATCH = YES;
				COPY_PHASE_STRIP = NO;
				ENABLE_NS_ASSERTIONS = NO;
				ENABLE_STRICT_OBJC_MSGSEND = YES;
				GCC_C_LANGUAGE_STANDARD = gnu99;
				GCC_NO_COMMON_BLOCKS = YES;
				GCC_WARN_64_TO_32_BIT_CONVERSION = YES;
				GCC_WARN_ABOUT_RETURN_TYPE = YES_ERROR;
				GCC_WARN_UNDECLARED_SELECTOR = YES;
				GCC_WARN_UNINITIALIZED_AUTOS = YES_AGGRESSIVE;
				GCC_WARN_UNUSED_FUNCTION = YES;
				GCC_WARN_UNUSED_VARIABLE = YES;
				MTL_ENABLE_DEBUG_INFO = NO;
			};
			name = Release;
		};
		56B480E61AE2D6CC00B507E4 /* Debug */ = {
			isa = XCBuildConfiguration;
			buildSettings = {
				COMBINE_HIDPI_IMAGES = YES;
				DEPLOYMENT_LOCATION = YES;
				DSTROOT = "$(HOME)";
				EMBEDDED_CONTENT_CONTAINS_SWIFT = YES;
				INFOPLIST_FILE = ColorSenseRainbow/Info.plist;
				INSTALL_PATH = "/Library/Application Support/Developer/Shared/Xcode/Plug-ins";
				LD_RUNPATH_SEARCH_PATHS = "$(DT_TOOLCHAIN_DIR)/usr/lib/swift/macosx";
				MACOSX_DEPLOYMENT_TARGET = 10.10;
				PRODUCT_BUNDLE_IDENTIFIER = "ca.nri.$(PRODUCT_NAME:rfc1034identifier)";
				PRODUCT_NAME = "$(TARGET_NAME)";
				WRAPPER_EXTENSION = xcplugin;
			};
			name = Debug;
		};
		56B480E71AE2D6CC00B507E4 /* Release */ = {
			isa = XCBuildConfiguration;
			buildSettings = {
				COMBINE_HIDPI_IMAGES = YES;
				DEPLOYMENT_LOCATION = YES;
				DSTROOT = "$(HOME)";
				EMBEDDED_CONTENT_CONTAINS_SWIFT = YES;
				INFOPLIST_FILE = ColorSenseRainbow/Info.plist;
				INSTALL_PATH = "/Library/Application Support/Developer/Shared/Xcode/Plug-ins";
				LD_RUNPATH_SEARCH_PATHS = "$(DT_TOOLCHAIN_DIR)/usr/lib/swift/macosx";
				MACOSX_DEPLOYMENT_TARGET = 10.10;
				PRODUCT_BUNDLE_IDENTIFIER = "ca.nri.$(PRODUCT_NAME:rfc1034identifier)";
				PRODUCT_NAME = "$(TARGET_NAME)";
				WRAPPER_EXTENSION = xcplugin;
			};
			name = Release;
		};
/* End XCBuildConfiguration section */

/* Begin XCConfigurationList section */
		56B480D61AE2D6CC00B507E4 /* Build configuration list for PBXProject "ColorSenseRainbow" */ = {
			isa = XCConfigurationList;
			buildConfigurations = (
				56B480E31AE2D6CC00B507E4 /* Debug */,
				56B480E41AE2D6CC00B507E4 /* Release */,
			);
			defaultConfigurationIsVisible = 0;
			defaultConfigurationName = Release;
		};
		56B480E51AE2D6CC00B507E4 /* Build configuration list for PBXNativeTarget "ColorSenseRainbow" */ = {
			isa = XCConfigurationList;
			buildConfigurations = (
				56B480E61AE2D6CC00B507E4 /* Debug */,
				56B480E71AE2D6CC00B507E4 /* Release */,
			);
			defaultConfigurationIsVisible = 0;
			defaultConfigurationName = Release;
		};
/* End XCConfigurationList section */
	};
	rootObject = 56B480D31AE2D6CC00B507E4 /* Project object */;
}
